
Microsoft Visual Studio Solution File, Format Version 12.00
# Visual Studio 15
VisualStudioVersion = 15.0.27004.2005
MinimumVisualStudioVersion = 10.0.40219.1
Project("{8BC9CEB8-8B4A-11D0-8D11-00A0C91BC942}") = "PlantsvZombies", "PlantsvZombies\PlantsvZombies.vcxproj", "{D1AD83CA-54AD-4BCD-A315-B77FD390E04B}"
EndProject
Global
	GlobalSection(SolutionConfigurationPlatforms) = preSolution
		Debug|x64 = Debug|x64
		Debug|x86 = Debug|x86
		Release|x64 = Release|x64
		Release|x86 = Release|x86
	EndGlobalSection
	GlobalSection(ProjectConfigurationPlatforms) = postSolution
		{D1AD83CA-54AD-4BCD-A315-B77FD390E04B}.Debug|x64.ActiveCfg = Debug|x64
		{D1AD83CA-54AD-4BCD-A315-B77FD390E04B}.Debug|x64.Build.0 = Debug|x64
		{D1AD83CA-54AD-4BCD-A315-B77FD390E04B}.Debug|x86.ActiveCfg = Debug|Win32
		{D1AD83CA-54AD-4BCD-A315-B77FD390E04B}.Debug|x86.Build.0 = Debug|Win32
		{D1AD83CA-54AD-4BCD-A315-B77FD390E04B}.Release|x64.ActiveCfg = Release|x64
		{D1AD83CA-54AD-4BCD-A315-B77FD390E04B}.Release|x64.Build.0 = Release|x64
		{D1AD83CA-54AD-4BCD-A315-B77FD390E04B}.Release|x86.ActiveCfg = Release|Win32
		{D1AD83CA-54AD-4BCD-A315-B77FD390E04B}.Release|x86.Build.0 = Release|Win32
	EndGlobalSection
	GlobalSection(SolutionProperties) = preSolution
		HideSolutionNode = FALSE
	EndGlobalSection
	GlobalSection(ExtensibilityGlobals) = postSolution
		SolutionGuid = {80FA51B3-9D12-4E1A-9432-15DB9338F1C1}
	EndGlobalSection
EndGlobal
